
Microsoft Visual Studio Solution File, Format Version 12.00
# Visual Studio 15
VisualStudioVersion = 15.0.26228.9
MinimumVisualStudioVersion = 10.0.40219.1
Project("{FAE04EC0-301F-11D3-BF4B-00C04F79EFBC}") = "LiteNetLib", "LiteNetLib\LiteNetLib.csproj", "{B0A014E4-0392-4E35-AA42-8FB5A40417E0}"
EndProject
Project("{FAE04EC0-301F-11D3-BF4B-00C04F79EFBC}") = "LiteNetLibWin81", "LiteNetLibWin81\LiteNetLibWin81.csproj", "{4CCFFD6B-352C-4C90-8B4C-C70FDD7F2550}"
EndProject
Project("{FAE04EC0-301F-11D3-BF4B-00C04F79EFBC}") = "LibSample", "LibSample\LibSample.csproj", "{EF232CBE-04C8-4FD9-AE26-2F7EBBE81699}"
EndProject
Project("{FAE04EC0-301F-11D3-BF4B-00C04F79EFBC}") = "LiteNetLibUnitTests", "LiteNetLibUnitTests\LiteNetLibUnitTests.csproj", "{6B591E33-E71F-4A37-A08D-B56DD47EDE3F}"
EndProject
Global
	GlobalSection(SolutionConfigurationPlatforms) = preSolution
		Debug|Any CPU = Debug|Any CPU
		Debug|ARM = Debug|ARM
		Debug|x64 = Debug|x64
		Debug|x86 = Debug|x86
		Release|Any CPU = Release|Any CPU
		Release|ARM = Release|ARM
		Release|x64 = Release|x64
		Release|x86 = Release|x86
	EndGlobalSection
	GlobalSection(ProjectConfigurationPlatforms) = postSolution
		{B0A014E4-0392-4E35-AA42-8FB5A40417E0}.Debug|Any CPU.ActiveCfg = Debug|Any CPU
		{B0A014E4-0392-4E35-AA42-8FB5A40417E0}.Debug|Any CPU.Build.0 = Debug|Any CPU
		{B0A014E4-0392-4E35-AA42-8FB5A40417E0}.Debug|ARM.ActiveCfg = Debug|Any CPU
		{B0A014E4-0392-4E35-AA42-8FB5A40417E0}.Debug|ARM.Build.0 = Debug|Any CPU
		{B0A014E4-0392-4E35-AA42-8FB5A40417E0}.Debug|x64.ActiveCfg = Debug|Any CPU
		{B0A014E4-0392-4E35-AA42-8FB5A40417E0}.Debug|x64.Build.0 = Debug|Any CPU
		{B0A014E4-0392-4E35-AA42-8FB5A40417E0}.Debug|x86.ActiveCfg = Debug|Any CPU
		{B0A014E4-0392-4E35-AA42-8FB5A40417E0}.Debug|x86.Build.0 = Debug|Any CPU
		{B0A014E4-0392-4E35-AA42-8FB5A40417E0}.Release|Any CPU.ActiveCfg = Release|Any CPU
		{B0A014E4-0392-4E35-AA42-8FB5A40417E0}.Release|Any CPU.Build.0 = Release|Any CPU
		{B0A014E4-0392-4E35-AA42-8FB5A40417E0}.Release|ARM.ActiveCfg = Release|Any CPU
		{B0A014E4-0392-4E35-AA42-8FB5A40417E0}.Release|ARM.Build.0 = Release|Any CPU
		{B0A014E4-0392-4E35-AA42-8FB5A40417E0}.Release|x64.ActiveCfg = Release|Any CPU
		{B0A014E4-0392-4E35-AA42-8FB5A40417E0}.Release|x64.Build.0 = Release|Any CPU
		{B0A014E4-0392-4E35-AA42-8FB5A40417E0}.Release|x86.ActiveCfg = Release|Any CPU
		{B0A014E4-0392-4E35-AA42-8FB5A40417E0}.Release|x86.Build.0 = Release|Any CPU
		{4CCFFD6B-352C-4C90-8B4C-C70FDD7F2550}.Debug|Any CPU.ActiveCfg = Debug|Any CPU
		{4CCFFD6B-352C-4C90-8B4C-C70FDD7F2550}.Debug|Any CPU.Build.0 = Debug|Any CPU
		{4CCFFD6B-352C-4C90-8B4C-C70FDD7F2550}.Debug|ARM.ActiveCfg = Debug|Any CPU
		{4CCFFD6B-352C-4C90-8B4C-C70FDD7F2550}.Debug|ARM.Build.0 = Debug|Any CPU
		{4CCFFD6B-352C-4C90-8B4C-C70FDD7F2550}.Debug|x64.ActiveCfg = Debug|Any CPU
		{4CCFFD6B-352C-4C90-8B4C-C70FDD7F2550}.Debug|x64.Build.0 = Debug|Any CPU
		{4CCFFD6B-352C-4C90-8B4C-C70FDD7F2550}.Debug|x86.ActiveCfg = Debug|Any CPU
		{4CCFFD6B-352C-4C90-8B4C-C70FDD7F2550}.Debug|x86.Build.0 = Debug|Any CPU
		{4CCFFD6B-352C-4C90-8B4C-C70FDD7F2550}.Release|Any CPU.ActiveCfg = Release|Any CPU
		{4CCFFD6B-352C-4C90-8B4C-C70FDD7F2550}.Release|Any CPU.Build.0 = Release|Any CPU
		{4CCFFD6B-352C-4C90-8B4C-C70FDD7F2550}.Release|ARM.ActiveCfg = Release|Any CPU
		{4CCFFD6B-352C-4C90-8B4C-C70FDD7F2550}.Release|ARM.Build.0 = Release|Any CPU
		{4CCFFD6B-352C-4C90-8B4C-C70FDD7F2550}.Release|x64.ActiveCfg = Release|Any CPU
		{4CCFFD6B-352C-4C90-8B4C-C70FDD7F2550}.Release|x64.Build.0 = Release|Any CPU
		{4CCFFD6B-352C-4C90-8B4C-C70FDD7F2550}.Release|x86.ActiveCfg = Release|Any CPU
		{4CCFFD6B-352C-4C90-8B4C-C70FDD7F2550}.Release|x86.Build.0 = Release|Any CPU
		{EF232CBE-04C8-4FD9-AE26-2F7EBBE81699}.Debug|Any CPU.ActiveCfg = Debug|Any CPU
		{EF232CBE-04C8-4FD9-AE26-2F7EBBE81699}.Debug|Any CPU.Build.0 = Debug|Any CPU
		{EF232CBE-04C8-4FD9-AE26-2F7EBBE81699}.Debug|ARM.ActiveCfg = Debug|Any CPU
		{EF232CBE-04C8-4FD9-AE26-2F7EBBE81699}.Debug|ARM.Build.0 = Debug|Any CPU
		{EF232CBE-04C8-4FD9-AE26-2F7EBBE81699}.Debug|x64.ActiveCfg = Debug|Any CPU
		{EF232CBE-04C8-4FD9-AE26-2F7EBBE81699}.Debug|x64.Build.0 = Debug|Any CPU
		{EF232CBE-04C8-4FD9-AE26-2F7EBBE81699}.Debug|x86.ActiveCfg = Debug|Any CPU
		{EF232CBE-04C8-4FD9-AE26-2F7EBBE81699}.Debug|x86.Build.0 = Debug|Any CPU
		{EF232CBE-04C8-4FD9-AE26-2F7EBBE81699}.Release|Any CPU.ActiveCfg = Release|Any CPU
		{EF232CBE-04C8-4FD9-AE26-2F7EBBE81699}.Release|Any CPU.Build.0 = Release|Any CPU
		{EF232CBE-04C8-4FD9-AE26-2F7EBBE81699}.Release|ARM.ActiveCfg = Release|Any CPU
		{EF232CBE-04C8-4FD9-AE26-2F7EBBE81699}.Release|ARM.Build.0 = Release|Any CPU
		{EF232CBE-04C8-4FD9-AE26-2F7EBBE81699}.Release|x64.ActiveCfg = Release|Any CPU
		{EF232CBE-04C8-4FD9-AE26-2F7EBBE81699}.Release|x64.Build.0 = Release|Any CPU
		{EF232CBE-04C8-4FD9-AE26-2F7EBBE81699}.Release|x86.ActiveCfg = Release|Any CPU
		{EF232CBE-04C8-4FD9-AE26-2F7EBBE81699}.Release|x86.Build.0 = Release|Any CPU
		{6B591E33-E71F-4A37-A08D-B56DD47EDE3F}.Debug|Any CPU.ActiveCfg = Debug|Any CPU
		{6B591E33-E71F-4A37-A08D-B56DD47EDE3F}.Debug|Any CPU.Build.0 = Debug|Any CPU
		{6B591E33-E71F-4A37-A08D-B56DD47EDE3F}.Debug|ARM.ActiveCfg = Debug|Any CPU
		{6B591E33-E71F-4A37-A08D-B56DD47EDE3F}.Debug|ARM.Build.0 = Debug|Any CPU
		{6B591E33-E71F-4A37-A08D-B56DD47EDE3F}.Debug|x64.ActiveCfg = Debug|Any CPU
		{6B591E33-E71F-4A37-A08D-B56DD47EDE3F}.Debug|x64.Build.0 = Debug|Any CPU
		{6B591E33-E71F-4A37-A08D-B56DD47EDE3F}.Debug|x86.ActiveCfg = Debug|Any CPU
		{6B591E33-E71F-4A37-A08D-B56DD47EDE3F}.Debug|x86.Build.0 = Debug|Any CPU
		{6B591E33-E71F-4A37-A08D-B56DD47EDE3F}.Release|Any CPU.ActiveCfg = Release|Any CPU
		{6B591E33-E71F-4A37-A08D-B56DD47EDE3F}.Release|Any CPU.Build.0 = Release|Any CPU
		{6B591E33-E71F-4A37-A08D-B56DD47EDE3F}.Release|ARM.ActiveCfg = Release|Any CPU
		{6B591E33-E71F-4A37-A08D-B56DD47EDE3F}.Release|ARM.Build.0 = Release|Any CPU
		{6B591E33-E71F-4A37-A08D-B56DD47EDE3F}.Release|x64.ActiveCfg = Release|Any CPU
		{6B591E33-E71F-4A37-A08D-B56DD47EDE3F}.Release|x64.Build.0 = Release|Any CPU
		{6B591E33-E71F-4A37-A08D-B56DD47EDE3F}.Release|x86.ActiveCfg = Release|Any CPU
		{6B591E33-E71F-4A37-A08D-B56DD47EDE3F}.Release|x86.Build.0 = Release|Any CPU
	EndGlobalSection
	GlobalSection(SolutionProperties) = preSolution
		HideSolutionNode = FALSE
	EndGlobalSection
EndGlobal
