
Microsoft Visual Studio Solution File, Format Version 12.00
# Visual Studio 15
VisualStudioVersion = 15.0.27130.2024
MinimumVisualStudioVersion = 10.0.40219.1
Project("{FAE04EC0-301F-11D3-BF4B-00C04F79EFBC}") = "LiteNetLib", "LiteNetLib\LiteNetLib.csproj", "{CD7E670B-7942-4C84-A857-C2A26D6462AB}"
EndProject
Project("{FAE04EC0-301F-11D3-BF4B-00C04F79EFBC}") = "LiteNetLib.Tests", "LiteNetLib.Tests\LiteNetLib.Tests.csproj", "{F7FC79F9-C3BF-4206-A2FD-0EDD7300C348}"
EndProject
Project("{FAE04EC0-301F-11D3-BF4B-00C04F79EFBC}") = "LiteNetLib.Samples", "LiteNetLib.Samples\LiteNetLib.Samples.csproj", "{9C186A3C-7018-46F2-96FB-9FFBAB719A8B}"
EndProject
Global
	GlobalSection(SolutionConfigurationPlatforms) = preSolution
		Debug|Any CPU = Debug|Any CPU
		Debug|ARM = Debug|ARM
		Debug|x64 = Debug|x64
		Debug|x86 = Debug|x86
		Release|Any CPU = Release|Any CPU
		Release|ARM = Release|ARM
		Release|x64 = Release|x64
		Release|x86 = Release|x86
	EndGlobalSection
	GlobalSection(ProjectConfigurationPlatforms) = postSolution
		{CD7E670B-7942-4C84-A857-C2A26D6462AB}.Debug|Any CPU.ActiveCfg = Debug|Any CPU
		{CD7E670B-7942-4C84-A857-C2A26D6462AB}.Debug|Any CPU.Build.0 = Debug|Any CPU
		{CD7E670B-7942-4C84-A857-C2A26D6462AB}.Debug|ARM.ActiveCfg = Debug|Any CPU
		{CD7E670B-7942-4C84-A857-C2A26D6462AB}.Debug|ARM.Build.0 = Debug|Any CPU
		{CD7E670B-7942-4C84-A857-C2A26D6462AB}.Debug|x64.ActiveCfg = Debug|Any CPU
		{CD7E670B-7942-4C84-A857-C2A26D6462AB}.Debug|x64.Build.0 = Debug|Any CPU
		{CD7E670B-7942-4C84-A857-C2A26D6462AB}.Debug|x86.ActiveCfg = Debug|Any CPU
		{CD7E670B-7942-4C84-A857-C2A26D6462AB}.Debug|x86.Build.0 = Debug|Any CPU
		{CD7E670B-7942-4C84-A857-C2A26D6462AB}.Release|Any CPU.ActiveCfg = Release|Any CPU
		{CD7E670B-7942-4C84-A857-C2A26D6462AB}.Release|Any CPU.Build.0 = Release|Any CPU
		{CD7E670B-7942-4C84-A857-C2A26D6462AB}.Release|ARM.ActiveCfg = Release|Any CPU
		{CD7E670B-7942-4C84-A857-C2A26D6462AB}.Release|ARM.Build.0 = Release|Any CPU
		{CD7E670B-7942-4C84-A857-C2A26D6462AB}.Release|x64.ActiveCfg = Release|Any CPU
		{CD7E670B-7942-4C84-A857-C2A26D6462AB}.Release|x64.Build.0 = Release|Any CPU
		{CD7E670B-7942-4C84-A857-C2A26D6462AB}.Release|x86.ActiveCfg = Release|Any CPU
		{CD7E670B-7942-4C84-A857-C2A26D6462AB}.Release|x86.Build.0 = Release|Any CPU
		{F7FC79F9-C3BF-4206-A2FD-0EDD7300C348}.Debug|Any CPU.ActiveCfg = Debug|Any CPU
		{F7FC79F9-C3BF-4206-A2FD-0EDD7300C348}.Debug|Any CPU.Build.0 = Debug|Any CPU
		{F7FC79F9-C3BF-4206-A2FD-0EDD7300C348}.Debug|ARM.ActiveCfg = Debug|Any CPU
		{F7FC79F9-C3BF-4206-A2FD-0EDD7300C348}.Debug|ARM.Build.0 = Debug|Any CPU
		{F7FC79F9-C3BF-4206-A2FD-0EDD7300C348}.Debug|x64.ActiveCfg = Debug|Any CPU
		{F7FC79F9-C3BF-4206-A2FD-0EDD7300C348}.Debug|x64.Build.0 = Debug|Any CPU
		{F7FC79F9-C3BF-4206-A2FD-0EDD7300C348}.Debug|x86.ActiveCfg = Debug|Any CPU
		{F7FC79F9-C3BF-4206-A2FD-0EDD7300C348}.Debug|x86.Build.0 = Debug|Any CPU
		{F7FC79F9-C3BF-4206-A2FD-0EDD7300C348}.Release|Any CPU.ActiveCfg = Release|Any CPU
		{F7FC79F9-C3BF-4206-A2FD-0EDD7300C348}.Release|Any CPU.Build.0 = Release|Any CPU
		{F7FC79F9-C3BF-4206-A2FD-0EDD7300C348}.Release|ARM.ActiveCfg = Release|Any CPU
		{F7FC79F9-C3BF-4206-A2FD-0EDD7300C348}.Release|ARM.Build.0 = Release|Any CPU
		{F7FC79F9-C3BF-4206-A2FD-0EDD7300C348}.Release|x64.ActiveCfg = Release|Any CPU
		{F7FC79F9-C3BF-4206-A2FD-0EDD7300C348}.Release|x64.Build.0 = Release|Any CPU
		{F7FC79F9-C3BF-4206-A2FD-0EDD7300C348}.Release|x86.ActiveCfg = Release|Any CPU
		{F7FC79F9-C3BF-4206-A2FD-0EDD7300C348}.Release|x86.Build.0 = Release|Any CPU
		{9C186A3C-7018-46F2-96FB-9FFBAB719A8B}.Debug|Any CPU.ActiveCfg = Debug|Any CPU
		{9C186A3C-7018-46F2-96FB-9FFBAB719A8B}.Debug|Any CPU.Build.0 = Debug|Any CPU
		{9C186A3C-7018-46F2-96FB-9FFBAB719A8B}.Debug|ARM.ActiveCfg = Debug|Any CPU
		{9C186A3C-7018-46F2-96FB-9FFBAB719A8B}.Debug|ARM.Build.0 = Debug|Any CPU
		{9C186A3C-7018-46F2-96FB-9FFBAB719A8B}.Debug|x64.ActiveCfg = Debug|Any CPU
		{9C186A3C-7018-46F2-96FB-9FFBAB719A8B}.Debug|x64.Build.0 = Debug|Any CPU
		{9C186A3C-7018-46F2-96FB-9FFBAB719A8B}.Debug|x86.ActiveCfg = Debug|Any CPU
		{9C186A3C-7018-46F2-96FB-9FFBAB719A8B}.Debug|x86.Build.0 = Debug|Any CPU
		{9C186A3C-7018-46F2-96FB-9FFBAB719A8B}.Release|Any CPU.ActiveCfg = Release|Any CPU
		{9C186A3C-7018-46F2-96FB-9FFBAB719A8B}.Release|Any CPU.Build.0 = Release|Any CPU
		{9C186A3C-7018-46F2-96FB-9FFBAB719A8B}.Release|ARM.ActiveCfg = Release|Any CPU
		{9C186A3C-7018-46F2-96FB-9FFBAB719A8B}.Release|ARM.Build.0 = Release|Any CPU
		{9C186A3C-7018-46F2-96FB-9FFBAB719A8B}.Release|x64.ActiveCfg = Release|Any CPU
		{9C186A3C-7018-46F2-96FB-9FFBAB719A8B}.Release|x64.Build.0 = Release|Any CPU
		{9C186A3C-7018-46F2-96FB-9FFBAB719A8B}.Release|x86.ActiveCfg = Release|Any CPU
		{9C186A3C-7018-46F2-96FB-9FFBAB719A8B}.Release|x86.Build.0 = Release|Any CPU
	EndGlobalSection
	GlobalSection(SolutionProperties) = preSolution
		HideSolutionNode = FALSE
	EndGlobalSection
	GlobalSection(ExtensibilityGlobals) = postSolution
		SolutionGuid = {3629F29B-A78F-4AB0-8502-FEF6799FFBB9}
	EndGlobalSection
EndGlobal
