
Microsoft Visual Studio Solution File, Format Version 12.00
# Visual Studio 15
VisualStudioVersion = 15.0.26228.9
MinimumVisualStudioVersion = 10.0.40219.1
Project("{FAE04EC0-301F-11D3-BF4B-00C04F79EFBC}") = "LiteNetLib.Tests", "..\LiteNetLib.Test\LiteNetLib.Tests.csproj", "{6B591E33-E71F-4A37-A08D-B56DD47EDE3F}"
EndProject
Project("{FAE04EC0-301F-11D3-BF4B-00C04F79EFBC}") = "LiteNetLibStandard", "LiteNetLibStandard.csproj", "{2173A7AE-AB4E-41E0-AEEF-DC80E815CD47}"
EndProject
Global
	GlobalSection(SolutionConfigurationPlatforms) = preSolution
		Debug|Any CPU = Debug|Any CPU
		Release|Any CPU = Release|Any CPU
	EndGlobalSection
	GlobalSection(ProjectConfigurationPlatforms) = postSolution
		{6B591E33-E71F-4A37-A08D-B56DD47EDE3F}.Debug|Any CPU.ActiveCfg = Debug|Any CPU
		{6B591E33-E71F-4A37-A08D-B56DD47EDE3F}.Debug|Any CPU.Build.0 = Debug|Any CPU
		{6B591E33-E71F-4A37-A08D-B56DD47EDE3F}.Release|Any CPU.ActiveCfg = Release|Any CPU
		{6B591E33-E71F-4A37-A08D-B56DD47EDE3F}.Release|Any CPU.Build.0 = Release|Any CPU
		{2173A7AE-AB4E-41E0-AEEF-DC80E815CD47}.Debug|Any CPU.ActiveCfg = Debug|Any CPU
		{2173A7AE-AB4E-41E0-AEEF-DC80E815CD47}.Debug|Any CPU.Build.0 = Debug|Any CPU
		{2173A7AE-AB4E-41E0-AEEF-DC80E815CD47}.Release|Any CPU.ActiveCfg = Release|Any CPU
		{2173A7AE-AB4E-41E0-AEEF-DC80E815CD47}.Release|Any CPU.Build.0 = Release|Any CPU
		{2173A7AE-AB4E-41E0-AEEF-DC80E815CD47}.Release|ARM.ActiveCfg = Release|Any CPU
	EndGlobalSection
	GlobalSection(SolutionProperties) = preSolution
		HideSolutionNode = FALSE
	EndGlobalSection
EndGlobal
